# This file is automatically @generated by Poetry 1.8.2 and should not be changed by hand.

[[package]]
name = "pyperclip"
version = "1.9.0"
description = "A cross-platform clipboard module for Python. (Only handles plain text for now.)"
optional = false
python-versions = "*"
files = [
    {file = "pyperclip-1.9.0.tar.gz", hash = "sha256:b7de0142ddc81bfc5c7507eea19da920b92252b548b96186caf94a5e2527d310"},
]

[metadata]
lock-version = "2.0"
python-versions = ">=3.8"
content-hash = "7079dcc1996e7790bdffc09df00c35f4c1d89ed31ba79c0a53219393bfc5a9cd"
